
Microsoft Visual Studio Solution File, Format Version 12.00
# Visual Studio Version 17
VisualStudioVersion = 17.9.34511.98
MinimumVisualStudioVersion = 10.0.40219.1
Project("{9A19103F-16F7-4668-BE54-9A1E7A4F7556}") = "RestaurantWebApp", "RestaurantWebApp\RestaurantWebApp.csproj", "{C09FDD60-5577-4602-AA28-957F79D320C3}"
EndProject
Project("{9A19103F-16F7-4668-BE54-9A1E7A4F7556}") = "Restaurant.DataAccess", "Restaurant.DataAccess\Restaurant.DataAccess.csproj", "{11FD5F71-4E83-4F14-AB4E-19DD9F4F2707}"
EndProject
Project("{9A19103F-16F7-4668-BE54-9A1E7A4F7556}") = "Restaurant.Models", "Restaurant.Models\Restaurant.Models.csproj", "{844220AD-2248-4A33-8FBB-3475D9F3A62C}"
EndProject
Project("{9A19103F-16F7-4668-BE54-9A1E7A4F7556}") = "Restaurant.Utility", "Restaurant.Utility\Restaurant.Utility.csproj", "{2571F505-07E8-44F1-9F7C-5848A83F03B0}"
EndProject
Global
	GlobalSection(SolutionConfigurationPlatforms) = preSolution
		Debug|Any CPU = Debug|Any CPU
		Release|Any CPU = Release|Any CPU
	EndGlobalSection
	GlobalSection(ProjectConfigurationPlatforms) = postSolution
		{C09FDD60-5577-4602-AA28-957F79D320C3}.Debug|Any CPU.ActiveCfg = Debug|Any CPU
		{C09FDD60-5577-4602-AA28-957F79D320C3}.Debug|Any CPU.Build.0 = Debug|Any CPU
		{C09FDD60-5577-4602-AA28-957F79D320C3}.Release|Any CPU.ActiveCfg = Release|Any CPU
		{C09FDD60-5577-4602-AA28-957F79D320C3}.Release|Any CPU.Build.0 = Release|Any CPU
		{11FD5F71-4E83-4F14-AB4E-19DD9F4F2707}.Debug|Any CPU.ActiveCfg = Debug|Any CPU
		{11FD5F71-4E83-4F14-AB4E-19DD9F4F2707}.Debug|Any CPU.Build.0 = Debug|Any CPU
		{11FD5F71-4E83-4F14-AB4E-19DD9F4F2707}.Release|Any CPU.ActiveCfg = Release|Any CPU
		{11FD5F71-4E83-4F14-AB4E-19DD9F4F2707}.Release|Any CPU.Build.0 = Release|Any CPU
		{844220AD-2248-4A33-8FBB-3475D9F3A62C}.Debug|Any CPU.ActiveCfg = Debug|Any CPU
		{844220AD-2248-4A33-8FBB-3475D9F3A62C}.Debug|Any CPU.Build.0 = Debug|Any CPU
		{844220AD-2248-4A33-8FBB-3475D9F3A62C}.Release|Any CPU.ActiveCfg = Release|Any CPU
		{844220AD-2248-4A33-8FBB-3475D9F3A62C}.Release|Any CPU.Build.0 = Release|Any CPU
		{2571F505-07E8-44F1-9F7C-5848A83F03B0}.Debug|Any CPU.ActiveCfg = Debug|Any CPU
		{2571F505-07E8-44F1-9F7C-5848A83F03B0}.Debug|Any CPU.Build.0 = Debug|Any CPU
		{2571F505-07E8-44F1-9F7C-5848A83F03B0}.Release|Any CPU.ActiveCfg = Release|Any CPU
		{2571F505-07E8-44F1-9F7C-5848A83F03B0}.Release|Any CPU.Build.0 = Release|Any CPU
	EndGlobalSection
	GlobalSection(SolutionProperties) = preSolution
		HideSolutionNode = FALSE
	EndGlobalSection
	GlobalSection(ExtensibilityGlobals) = postSolution
		SolutionGuid = {7B3D4AA0-B80C-4CCA-9177-07A1BC42064E}
	EndGlobalSection
EndGlobal
